[{<<"goldrush">>,
  {git,"git://github.com/DeadZen/goldrush.git",
       {ref,"212299233c7e7eb63a97be2777e1c05ebaa58dbe"}},
  1},
 {<<"lager">>,
  {git,"https://github.com/basho/lager",
       {ref,"8187757388c9adc915379caaab36a2f2ca26e944"}},
  0},
 {<<"rets">>,
  {git,"https://github.com/xmppjingle/rets/",
       {ref,"4b386c268021efc9f073de759dd72151cae1ab78"}},
  0},
 {<<"udp_channel">>,
  {git,"https://github.com/edussm/udp_channel.git",
       {ref,"61c191b9dc893d02ac73432291542a80a693742d"}},
  0}].
